{
  "name": "create",
  "version": "1.0.0",
  "lockfileVersion": 1,
  "requires": true,
  "dependencies": {
    "random-id": {
      "version": "0.0.2",
      "resolved": "https://registry.npmjs.org/random-id/-/random-id-0.0.2.tgz",
      "integrity": "sha1-KRt9dtOckUGWyksZ2DUJ5nzfFZA="
    }
  }
}
